{
  "name": "timer",
  "version": "1.0.0",
  "lockfileVersion": 1,
  "requires": true,
  "dependencies": {
    "crone": {
      "version": "0.0.1",
      "resolved": "https://registry.npmjs.org/crone/-/crone-0.0.1.tgz",
      "integrity": "sha1-fjWcoy1HMiL7os2n2sfIFx0hhwk="
    },
    "moment": {
      "version": "2.22.2",
      "resolved": "https://registry.npmjs.org/moment/-/moment-2.22.2.tgz",
      "integrity": "sha1-PCV/mDn8DpP/UxSWMiOeuQeD/2Y="
    }
  }
}
